{
  "name": "client-next",
  "version": "0.1.0",
  "lockfileVersion": 3,
  "requires": true,
  "packages": {
    "": {
      "name": "client-next",
      "version": "0.1.0",
      "dependencies": {
        "gsap": "3.12.5",
        "next": "14.2.11",
        "pixi.js": "7.4.2",
        "react": "18.2.0",
        "react-dom": "18.2.0"
      },
      "devDependencies": {
        "@types/node": "24.10.1",
        "@types/react": "18.2.48",
        "@types/react-dom": "18.2.18",
        "typescript": "5.6.3"
      }
    },
    "node_modules/@next/env": {
      "version": "14.2.11",
      "license": "MIT"
    },
    "node_modules/@next/swc-darwin-arm64": {
      "version": "14.2.11",
      "resolved": "https://registry.npmjs.org/@next/swc-darwin-arm64/-/swc-darwin-arm64-14.2.11.tgz",
      "integrity": "sha512-eiY9u7wEJZWp/Pga07Qy3ZmNEfALmmSS1HtsJF3y1QEyaExu7boENz11fWqDmZ3uvcyAxCMhTrA1jfVxITQW8g==",
      "cpu": [
        "arm64"
      ],
      "license": "MIT",
      "optional": true,
      "os": [
        "darwin"
      ],
      "engines": {
        "node": ">= 10"
      }
    },
    "node_modules/@next/swc-darwin-x64": {
      "version": "14.2.11",
      "resolved": "https://registry.npmjs.org/@next/swc-darwin-x64/-/swc-darwin-x64-14.2.11.tgz",
      "integrity": "sha512-lnB0zYCld4yE0IX3ANrVMmtAbziBb7MYekcmR6iE9bujmgERl6+FK+b0MBq0pl304lYe7zO4yxJus9H/Af8jbg==",
      "cpu": [
        "x64"
      ],
      "license": "MIT",
      "optional": true,
      "os": [
        "darwin"
      ],
      "engines": {
        "node": ">= 10"
      }
    },
    "node_modules/@next/swc-linux-arm64-gnu": {
      "version": "14.2.11",
      "resolved": "https://registry.npmjs.org/@next/swc-linux-arm64-gnu/-/swc-linux-arm64-gnu-14.2.11.tgz",
      "integrity": "sha512-Ulo9TZVocYmUAtzvZ7FfldtwUoQY0+9z3BiXZCLSUwU2bp7GqHA7/bqrfsArDlUb2xeGwn3ZuBbKtNK8TR0A8w==",
      "cpu": [
        "arm64"
      ],
      "license": "MIT",
      "optional": true,
      "os": [
        "linux"
      ],
      "engines": {
        "node": ">= 10"
      }
    },
    "node_modules/@next/swc-linux-arm64-musl": {
      "version": "14.2.11",
      "resolved": "https://registry.npmjs.org/@next/swc-linux-arm64-musl/-/swc-linux-arm64-musl-14.2.11.tgz",
      "integrity": "sha512-fH377DnKGyUnkWlmUpFF1T90m0dADBfK11dF8sOQkiELF9M+YwDRCGe8ZyDzvQcUd20Rr5U7vpZRrAxKwd3Rzg==",
      "cpu": [
        "arm64"
      ],
      "license": "MIT",
      "optional": true,
      "os": [
        "linux"
      ],
      "engines": {
        "node": ">= 10"
      }
    },
    "node_modules/@next/swc-linux-x64-gnu": {
      "version": "14.2.11",
      "resolved": "https://registry.npmjs.org/@next/swc-linux-x64-gnu/-/swc-linux-x64-gnu-14.2.11.tgz",
      "integrity": "sha512-a0TH4ZZp4NS0LgXP/488kgvWelNpwfgGTUCDXVhPGH6pInb7yIYNgM4kmNWOxBFt+TIuOH6Pi9NnGG4XWFUyXQ==",
      "cpu": [
        "x64"
      ],
      "license": "MIT",
      "optional": true,
      "os": [
        "linux"
      ],
      "engines": {
        "node": ">= 10"
      }
    },
    "node_modules/@next/swc-linux-x64-musl": {
      "version": "14.2.11",
      "resolved": "https://registry.npmjs.org/@next/swc-linux-x64-musl/-/swc-linux-x64-musl-14.2.11.tgz",
      "integrity": "sha512-DYYZcO4Uir2gZxA4D2JcOAKVs8ZxbOFYPpXSVIgeoQbREbeEHxysVsg3nY4FrQy51e5opxt5mOHl/LzIyZBoKA==",
      "cpu": [
        "x64"
      ],
      "license": "MIT",
      "optional": true,
      "os": [
        "linux"
      ],
      "engines": {
        "node": ">= 10"
      }
    },
    "node_modules/@next/swc-win32-arm64-msvc": {
      "version": "14.2.11",
      "resolved": "https://registry.npmjs.org/@next/swc-win32-arm64-msvc/-/swc-win32-arm64-msvc-14.2.11.tgz",
      "integrity": "sha512-PwqHeKG3/kKfPpM6of1B9UJ+Er6ySUy59PeFu0Un0LBzJTRKKAg2V6J60Yqzp99m55mLa+YTbU6xj61ImTv9mg==",
      "cpu": [
        "arm64"
      ],
      "license": "MIT",
      "optional": true,
      "os": [
        "win32"
      ],
      "engines": {
        "node": ">= 10"
      }
    },
    "node_modules/@next/swc-win32-ia32-msvc": {
      "version": "14.2.11",
      "resolved": "https://registry.npmjs.org/@next/swc-win32-ia32-msvc/-/swc-win32-ia32-msvc-14.2.11.tgz",
      "integrity": "sha512-0U7PWMnOYIvM74GY6rbH6w7v+vNPDVH1gUhlwHpfInJnNe5LkmUZqhp7FNWeNa5wbVgRcRi1F1cyxp4dmeLLvA==",
      "cpu": [
        "ia32"
      ],
      "license": "MIT",
      "optional": true,
      "os": [
        "win32"
      ],
      "engines": {
        "node": ">= 10"
      }
    },
    "node_modules/@next/swc-win32-x64-msvc": {
      "version": "14.2.11",
      "cpu": [
        "x64"
      ],
      "license": "MIT",
      "optional": true,
      "os": [
        "win32"
      ],
      "engines": {
        "node": ">= 10"
      }
    },
    "node_modules/@pixi/accessibility": {
      "version": "7.4.2",
      "license": "MIT",
      "peerDependencies": {
        "@pixi/core": "7.4.2",
        "@pixi/display": "7.4.2",
        "@pixi/events": "7.4.2"
      }
    },
    "node_modules/@pixi/app": {
      "version": "7.4.2",
      "license": "MIT",
      "peerDependencies": {
        "@pixi/core": "7.4.2",
        "@pixi/display": "7.4.2"
      }
    },
    "node_modules/@pixi/assets": {
      "version": "7.4.2",
      "license": "MIT",
      "peer": true,
      "dependencies": {
        "@types/css-font-loading-module": "^0.0.12"
      },
      "peerDependencies": {
        "@pixi/core": "7.4.2"
      }
    },
    "node_modules/@pixi/color": {
      "version": "7.4.2",
      "license": "MIT",
      "dependencies": {
        "@pixi/colord": "^2.9.6"
      }
    },
    "node_modules/@pixi/colord": {
      "version": "2.9.6",
      "license": "MIT"
    },
    "node_modules/@pixi/compressed-textures": {
      "version": "7.4.2",
      "license": "MIT",
      "peerDependencies": {
        "@pixi/assets": "7.4.2",
        "@pixi/core": "7.4.2"
      }
    },
    "node_modules/@pixi/constants": {
      "version": "7.4.2",
      "license": "MIT"
    },
    "node_modules/@pixi/core": {
      "version": "7.4.2",
      "license": "MIT",
      "peer": true,
      "dependencies": {
        "@pixi/color": "7.4.2",
        "@pixi/constants": "7.4.2",
        "@pixi/extensions": "7.4.2",
        "@pixi/math": "7.4.2",
        "@pixi/runner": "7.4.2",
        "@pixi/settings": "7.4.2",
        "@pixi/ticker": "7.4.2",
        "@pixi/utils": "7.4.2"
      },
      "funding": {
        "type": "opencollective",
        "url": "https://opencollective.com/pixijs"
      }
    },
    "node_modules/@pixi/display": {
      "version": "7.4.2",
      "license": "MIT",
      "peer": true,
      "peerDependencies": {
        "@pixi/core": "7.4.2"
      }
    },
    "node_modules/@pixi/events": {
      "version": "7.4.2",
      "license": "MIT",
      "peer": true,
      "peerDependencies": {
        "@pixi/core": "7.4.2",
        "@pixi/display": "7.4.2"
      }
    },
    "node_modules/@pixi/extensions": {
      "version": "7.4.2",
      "license": "MIT"
    },
    "node_modules/@pixi/extract": {
      "version": "7.4.2",
      "license": "MIT",
      "peerDependencies": {
        "@pixi/core": "7.4.2"
      }
    },
    "node_modules/@pixi/filter-alpha": {
      "version": "7.4.2",
      "license": "MIT",
      "peerDependencies": {
        "@pixi/core": "7.4.2"
      }
    },
    "node_modules/@pixi/filter-blur": {
      "version": "7.4.2",
      "license": "MIT",
      "peerDependencies": {
        "@pixi/core": "7.4.2"
      }
    },
    "node_modules/@pixi/filter-color-matrix": {
      "version": "7.4.2",
      "license": "MIT",
      "peerDependencies": {
        "@pixi/core": "7.4.2"
      }
    },
    "node_modules/@pixi/filter-displacement": {
      "version": "7.4.2",
      "license": "MIT",
      "peerDependencies": {
        "@pixi/core": "7.4.2"
      }
    },
    "node_modules/@pixi/filter-fxaa": {
      "version": "7.4.2",
      "license": "MIT",
      "peerDependencies": {
        "@pixi/core": "7.4.2"
      }
    },
    "node_modules/@pixi/filter-noise": {
      "version": "7.4.2",
      "license": "MIT",
      "peerDependencies": {
        "@pixi/core": "7.4.2"
      }
    },
    "node_modules/@pixi/graphics": {
      "version": "7.4.2",
      "license": "MIT",
      "peer": true,
      "peerDependencies": {
        "@pixi/core": "7.4.2",
        "@pixi/display": "7.4.2",
        "@pixi/sprite": "7.4.2"
      }
    },
    "node_modules/@pixi/math": {
      "version": "7.4.2",
      "license": "MIT"
    },
    "node_modules/@pixi/mesh": {
      "version": "7.4.2",
      "license": "MIT",
      "peer": true,
      "peerDependencies": {
        "@pixi/core": "7.4.2",
        "@pixi/display": "7.4.2"
      }
    },
    "node_modules/@pixi/mesh-extras": {
      "version": "7.4.2",
      "license": "MIT",
      "peerDependencies": {
        "@pixi/core": "7.4.2",
        "@pixi/mesh": "7.4.2"
      }
    },
    "node_modules/@pixi/mixin-cache-as-bitmap": {
      "version": "7.4.2",
      "license": "MIT",
      "peerDependencies": {
        "@pixi/core": "7.4.2",
        "@pixi/display": "7.4.2",
        "@pixi/sprite": "7.4.2"
      }
    },
    "node_modules/@pixi/mixin-get-child-by-name": {
      "version": "7.4.2",
      "license": "MIT",
      "peerDependencies": {
        "@pixi/display": "7.4.2"
      }
    },
    "node_modules/@pixi/mixin-get-global-position": {
      "version": "7.4.2",
      "license": "MIT",
      "peerDependencies": {
        "@pixi/core": "7.4.2",
        "@pixi/display": "7.4.2"
      }
    },
    "node_modules/@pixi/particle-container": {
      "version": "7.4.2",
      "license": "MIT",
      "peerDependencies": {
        "@pixi/core": "7.4.2",
        "@pixi/display": "7.4.2",
        "@pixi/sprite": "7.4.2"
      }
    },
    "node_modules/@pixi/prepare": {
      "version": "7.4.2",
      "license": "MIT",
      "peerDependencies": {
        "@pixi/core": "7.4.2",
        "@pixi/display": "7.4.2",
        "@pixi/graphics": "7.4.2",
        "@pixi/text": "7.4.2"
      }
    },
    "node_modules/@pixi/runner": {
      "version": "7.4.2",
      "license": "MIT"
    },
    "node_modules/@pixi/settings": {
      "version": "7.4.2",
      "license": "MIT",
      "dependencies": {
        "@pixi/constants": "7.4.2",
        "@types/css-font-loading-module": "^0.0.12",
        "ismobilejs": "^1.1.0"
      }
    },
    "node_modules/@pixi/sprite": {
      "version": "7.4.2",
      "license": "MIT",
      "peer": true,
      "peerDependencies": {
        "@pixi/core": "7.4.2",
        "@pixi/display": "7.4.2"
      }
    },
    "node_modules/@pixi/sprite-animated": {
      "version": "7.4.2",
      "license": "MIT",
      "peerDependencies": {
        "@pixi/core": "7.4.2",
        "@pixi/sprite": "7.4.2"
      }
    },
    "node_modules/@pixi/sprite-tiling": {
      "version": "7.4.2",
      "license": "MIT",
      "peerDependencies": {
        "@pixi/core": "7.4.2",
        "@pixi/display": "7.4.2",
        "@pixi/sprite": "7.4.2"
      }
    },
    "node_modules/@pixi/spritesheet": {
      "version": "7.4.2",
      "license": "MIT",
      "peerDependencies": {
        "@pixi/assets": "7.4.2",
        "@pixi/core": "7.4.2"
      }
    },
    "node_modules/@pixi/text": {
      "version": "7.4.2",
      "license": "MIT",
      "peer": true,
      "peerDependencies": {
        "@pixi/core": "7.4.2",
        "@pixi/sprite": "7.4.2"
      }
    },
    "node_modules/@pixi/text-bitmap": {
      "version": "7.4.2",
      "license": "MIT",
      "peerDependencies": {
        "@pixi/assets": "7.4.2",
        "@pixi/core": "7.4.2",
        "@pixi/display": "7.4.2",
        "@pixi/mesh": "7.4.2",
        "@pixi/text": "7.4.2"
      }
    },
    "node_modules/@pixi/text-html": {
      "version": "7.4.2",
      "license": "MIT",
      "peerDependencies": {
        "@pixi/core": "7.4.2",
        "@pixi/display": "7.4.2",
        "@pixi/sprite": "7.4.2",
        "@pixi/text": "7.4.2"
      }
    },
    "node_modules/@pixi/ticker": {
      "version": "7.4.2",
      "license": "MIT",
      "dependencies": {
        "@pixi/extensions": "7.4.2",
        "@pixi/settings": "7.4.2",
        "@pixi/utils": "7.4.2"
      }
    },
    "node_modules/@pixi/utils": {
      "version": "7.4.2",
      "license": "MIT",
      "dependencies": {
        "@pixi/color": "7.4.2",
        "@pixi/constants": "7.4.2",
        "@pixi/settings": "7.4.2",
        "@types/earcut": "^2.1.0",
        "earcut": "^2.2.4",
        "eventemitter3": "^4.0.0",
        "url": "^0.11.0"
      }
    },
    "node_modules/@swc/counter": {
      "version": "0.1.3",
      "license": "Apache-2.0"
    },
    "node_modules/@swc/helpers": {
      "version": "0.5.5",
      "license": "Apache-2.0",
      "dependencies": {
        "@swc/counter": "^0.1.3",
        "tslib": "^2.4.0"
      }
    },
    "node_modules/@types/css-font-loading-module": {
      "version": "0.0.12",
      "license": "MIT"
    },
    "node_modules/@types/earcut": {
      "version": "2.1.4",
      "license": "MIT"
    },
    "node_modules/@types/node": {
      "version": "24.10.1",
      "resolved": "https://registry.npmjs.org/@types/node/-/node-24.10.1.tgz",
      "integrity": "sha512-GNWcUTRBgIRJD5zj+Tq0fKOJ5XZajIiBroOF0yvj2bSU1WvNdYS/dn9UxwsujGW4JX06dnHyjV2y9rRaybH0iQ==",
      "dev": true,
      "license": "MIT",
      "dependencies": {
        "undici-types": "~7.16.0"
      }
    },
    "node_modules/@types/prop-types": {
      "version": "15.7.15",
      "dev": true,
      "license": "MIT"
    },
    "node_modules/@types/react": {
      "version": "18.2.48",
      "dev": true,
      "license": "MIT",
      "dependencies": {
        "@types/prop-types": "*",
        "@types/scheduler": "*",
        "csstype": "^3.0.2"
      }
    },
    "node_modules/@types/react-dom": {
      "version": "18.2.18",
      "dev": true,
      "license": "MIT",
      "dependencies": {
        "@types/react": "*"
      }
    },
    "node_modules/@types/scheduler": {
      "version": "0.26.0",
      "dev": true,
      "license": "MIT"
    },
    "node_modules/busboy": {
      "version": "1.6.0",
      "dependencies": {
        "streamsearch": "^1.1.0"
      },
      "engines": {
        "node": ">=10.16.0"
      }
    },
    "node_modules/call-bind-apply-helpers": {
      "version": "1.0.2",
      "license": "MIT",
      "dependencies": {
        "es-errors": "^1.3.0",
        "function-bind": "^1.1.2"
      },
      "engines": {
        "node": ">= 0.4"
      }
    },
    "node_modules/call-bound": {
      "version": "1.0.4",
      "license": "MIT",
      "dependencies": {
        "call-bind-apply-helpers": "^1.0.2",
        "get-intrinsic": "^1.3.0"
      },
      "engines": {
        "node": ">= 0.4"
      },
      "funding": {
        "url": "https://github.com/sponsors/ljharb"
      }
    },
    "node_modules/caniuse-lite": {
      "version": "1.0.30001757",
      "funding": [
        {
          "type": "opencollective",
          "url": "https://opencollective.com/browserslist"
        },
        {
          "type": "tidelift",
          "url": "https://tidelift.com/funding/github/npm/caniuse-lite"
        },
        {
          "type": "github",
          "url": "https://github.com/sponsors/ai"
        }
      ],
      "license": "CC-BY-4.0"
    },
    "node_modules/client-only": {
      "version": "0.0.1",
      "license": "MIT"
    },
    "node_modules/csstype": {
      "version": "3.2.3",
      "dev": true,
      "license": "MIT"
    },
    "node_modules/dunder-proto": {
      "version": "1.0.1",
      "license": "MIT",
      "dependencies": {
        "call-bind-apply-helpers": "^1.0.1",
        "es-errors": "^1.3.0",
        "gopd": "^1.2.0"
      },
      "engines": {
        "node": ">= 0.4"
      }
    },
    "node_modules/earcut": {
      "version": "2.2.4",
      "license": "ISC"
    },
    "node_modules/es-define-property": {
      "version": "1.0.1",
      "license": "MIT",
      "engines": {
        "node": ">= 0.4"
      }
    },
    "node_modules/es-errors": {
      "version": "1.3.0",
      "license": "MIT",
      "engines": {
        "node": ">= 0.4"
      }
    },
    "node_modules/es-object-atoms": {
      "version": "1.1.1",
      "license": "MIT",
      "dependencies": {
        "es-errors": "^1.3.0"
      },
      "engines": {
        "node": ">= 0.4"
      }
    },
    "node_modules/eventemitter3": {
      "version": "4.0.7",
      "license": "MIT"
    },
    "node_modules/function-bind": {
      "version": "1.1.2",
      "license": "MIT",
      "funding": {
        "url": "https://github.com/sponsors/ljharb"
      }
    },
    "node_modules/get-intrinsic": {
      "version": "1.3.0",
      "license": "MIT",
      "dependencies": {
        "call-bind-apply-helpers": "^1.0.2",
        "es-define-property": "^1.0.1",
        "es-errors": "^1.3.0",
        "es-object-atoms": "^1.1.1",
        "function-bind": "^1.1.2",
        "get-proto": "^1.0.1",
        "gopd": "^1.2.0",
        "has-symbols": "^1.1.0",
        "hasown": "^2.0.2",
        "math-intrinsics": "^1.1.0"
      },
      "engines": {
        "node": ">= 0.4"
      },
      "funding": {
        "url": "https://github.com/sponsors/ljharb"
      }
    },
    "node_modules/get-proto": {
      "version": "1.0.1",
      "license": "MIT",
      "dependencies": {
        "dunder-proto": "^1.0.1",
        "es-object-atoms": "^1.0.0"
      },
      "engines": {
        "node": ">= 0.4"
      }
    },
    "node_modules/gopd": {
      "version": "1.2.0",
      "license": "MIT",
      "engines": {
        "node": ">= 0.4"
      },
      "funding": {
        "url": "https://github.com/sponsors/ljharb"
      }
    },
    "node_modules/graceful-fs": {
      "version": "4.2.11",
      "license": "ISC"
    },
    "node_modules/gsap": {
      "version": "3.12.5",
      "license": "Standard 'no charge' license: https://gsap.com/standard-license. Club GSAP members get more: https://gsap.com/licensing/. Why GreenSock doesn't employ an MIT license: https://gsap.com/why-license/"
    },
    "node_modules/has-symbols": {
      "version": "1.1.0",
      "license": "MIT",
      "engines": {
        "node": ">= 0.4"
      },
      "funding": {
        "url": "https://github.com/sponsors/ljharb"
      }
    },
    "node_modules/hasown": {
      "version": "2.0.2",
      "license": "MIT",
      "dependencies": {
        "function-bind": "^1.1.2"
      },
      "engines": {
        "node": ">= 0.4"
      }
    },
    "node_modules/ismobilejs": {
      "version": "1.1.1",
      "license": "MIT"
    },
    "node_modules/js-tokens": {
      "version": "4.0.0",
      "license": "MIT"
    },
    "node_modules/loose-envify": {
      "version": "1.4.0",
      "license": "MIT",
      "dependencies": {
        "js-tokens": "^3.0.0 || ^4.0.0"
      },
      "bin": {
        "loose-envify": "cli.js"
      }
    },
    "node_modules/math-intrinsics": {
      "version": "1.1.0",
      "license": "MIT",
      "engines": {
        "node": ">= 0.4"
      }
    },
    "node_modules/nanoid": {
      "version": "3.3.11",
      "funding": [
        {
          "type": "github",
          "url": "https://github.com/sponsors/ai"
        }
      ],
      "license": "MIT",
      "bin": {
        "nanoid": "bin/nanoid.cjs"
      },
      "engines": {
        "node": "^10 || ^12 || ^13.7 || ^14 || >=15.0.1"
      }
    },
    "node_modules/next": {
      "version": "14.2.11",
      "license": "MIT",
      "dependencies": {
        "@next/env": "14.2.11",
        "@swc/helpers": "0.5.5",
        "busboy": "1.6.0",
        "caniuse-lite": "^1.0.30001579",
        "graceful-fs": "^4.2.11",
        "postcss": "8.4.31",
        "styled-jsx": "5.1.1"
      },
      "bin": {
        "next": "dist/bin/next"
      },
      "engines": {
        "node": ">=18.17.0"
      },
      "optionalDependencies": {
        "@next/swc-darwin-arm64": "14.2.11",
        "@next/swc-darwin-x64": "14.2.11",
        "@next/swc-linux-arm64-gnu": "14.2.11",
        "@next/swc-linux-arm64-musl": "14.2.11",
        "@next/swc-linux-x64-gnu": "14.2.11",
        "@next/swc-linux-x64-musl": "14.2.11",
        "@next/swc-win32-arm64-msvc": "14.2.11",
        "@next/swc-win32-ia32-msvc": "14.2.11",
        "@next/swc-win32-x64-msvc": "14.2.11"
      },
      "peerDependencies": {
        "@opentelemetry/api": "^1.1.0",
        "@playwright/test": "^1.41.2",
        "react": "^18.2.0",
        "react-dom": "^18.2.0",
        "sass": "^1.3.0"
      },
      "peerDependenciesMeta": {
        "@opentelemetry/api": {
          "optional": true
        },
        "@playwright/test": {
          "optional": true
        },
        "sass": {
          "optional": true
        }
      }
    },
    "node_modules/object-inspect": {
      "version": "1.13.4",
      "license": "MIT",
      "engines": {
        "node": ">= 0.4"
      },
      "funding": {
        "url": "https://github.com/sponsors/ljharb"
      }
    },
    "node_modules/picocolors": {
      "version": "1.1.1",
      "license": "ISC"
    },
    "node_modules/pixi.js": {
      "version": "7.4.2",
      "license": "MIT",
      "dependencies": {
        "@pixi/accessibility": "7.4.2",
        "@pixi/app": "7.4.2",
        "@pixi/assets": "7.4.2",
        "@pixi/compressed-textures": "7.4.2",
        "@pixi/core": "7.4.2",
        "@pixi/display": "7.4.2",
        "@pixi/events": "7.4.2",
        "@pixi/extensions": "7.4.2",
        "@pixi/extract": "7.4.2",
        "@pixi/filter-alpha": "7.4.2",
        "@pixi/filter-blur": "7.4.2",
        "@pixi/filter-color-matrix": "7.4.2",
        "@pixi/filter-displacement": "7.4.2",
        "@pixi/filter-fxaa": "7.4.2",
        "@pixi/filter-noise": "7.4.2",
        "@pixi/graphics": "7.4.2",
        "@pixi/mesh": "7.4.2",
        "@pixi/mesh-extras": "7.4.2",
        "@pixi/mixin-cache-as-bitmap": "7.4.2",
        "@pixi/mixin-get-child-by-name": "7.4.2",
        "@pixi/mixin-get-global-position": "7.4.2",
        "@pixi/particle-container": "7.4.2",
        "@pixi/prepare": "7.4.2",
        "@pixi/sprite": "7.4.2",
        "@pixi/sprite-animated": "7.4.2",
        "@pixi/sprite-tiling": "7.4.2",
        "@pixi/spritesheet": "7.4.2",
        "@pixi/text": "7.4.2",
        "@pixi/text-bitmap": "7.4.2",
        "@pixi/text-html": "7.4.2"
      },
      "funding": {
        "type": "opencollective",
        "url": "https://opencollective.com/pixijs"
      }
    },
    "node_modules/postcss": {
      "version": "8.4.31",
      "funding": [
        {
          "type": "opencollective",
          "url": "https://opencollective.com/postcss/"
        },
        {
          "type": "tidelift",
          "url": "https://tidelift.com/funding/github/npm/postcss"
        },
        {
          "type": "github",
          "url": "https://github.com/sponsors/ai"
        }
      ],
      "license": "MIT",
      "dependencies": {
        "nanoid": "^3.3.6",
        "picocolors": "^1.0.0",
        "source-map-js": "^1.0.2"
      },
      "engines": {
        "node": "^10 || ^12 || >=14"
      }
    },
    "node_modules/punycode": {
      "version": "1.4.1",
      "license": "MIT"
    },
    "node_modules/qs": {
      "version": "6.14.0",
      "license": "BSD-3-Clause",
      "dependencies": {
        "side-channel": "^1.1.0"
      },
      "engines": {
        "node": ">=0.6"
      },
      "funding": {
        "url": "https://github.com/sponsors/ljharb"
      }
    },
    "node_modules/react": {
      "version": "18.2.0",
      "license": "MIT",
      "peer": true,
      "dependencies": {
        "loose-envify": "^1.1.0"
      },
      "engines": {
        "node": ">=0.10.0"
      }
    },
    "node_modules/react-dom": {
      "version": "18.2.0",
      "license": "MIT",
      "peer": true,
      "dependencies": {
        "loose-envify": "^1.1.0",
        "scheduler": "^0.23.0"
      },
      "peerDependencies": {
        "react": "^18.2.0"
      }
    },
    "node_modules/scheduler": {
      "version": "0.23.2",
      "license": "MIT",
      "dependencies": {
        "loose-envify": "^1.1.0"
      }
    },
    "node_modules/side-channel": {
      "version": "1.1.0",
      "license": "MIT",
      "dependencies": {
        "es-errors": "^1.3.0",
        "object-inspect": "^1.13.3",
        "side-channel-list": "^1.0.0",
        "side-channel-map": "^1.0.1",
        "side-channel-weakmap": "^1.0.2"
      },
      "engines": {
        "node": ">= 0.4"
      },
      "funding": {
        "url": "https://github.com/sponsors/ljharb"
      }
    },
    "node_modules/side-channel-list": {
      "version": "1.0.0",
      "license": "MIT",
      "dependencies": {
        "es-errors": "^1.3.0",
        "object-inspect": "^1.13.3"
      },
      "engines": {
        "node": ">= 0.4"
      },
      "funding": {
        "url": "https://github.com/sponsors/ljharb"
      }
    },
    "node_modules/side-channel-map": {
      "version": "1.0.1",
      "license": "MIT",
      "dependencies": {
        "call-bound": "^1.0.2",
        "es-errors": "^1.3.0",
        "get-intrinsic": "^1.2.5",
        "object-inspect": "^1.13.3"
      },
      "engines": {
        "node": ">= 0.4"
      },
      "funding": {
        "url": "https://github.com/sponsors/ljharb"
      }
    },
    "node_modules/side-channel-weakmap": {
      "version": "1.0.2",
      "license": "MIT",
      "dependencies": {
        "call-bound": "^1.0.2",
        "es-errors": "^1.3.0",
        "get-intrinsic": "^1.2.5",
        "object-inspect": "^1.13.3",
        "side-channel-map": "^1.0.1"
      },
      "engines": {
        "node": ">= 0.4"
      },
      "funding": {
        "url": "https://github.com/sponsors/ljharb"
      }
    },
    "node_modules/source-map-js": {
      "version": "1.2.1",
      "license": "BSD-3-Clause",
      "engines": {
        "node": ">=0.10.0"
      }
    },
    "node_modules/streamsearch": {
      "version": "1.1.0",
      "engines": {
        "node": ">=10.0.0"
      }
    },
    "node_modules/styled-jsx": {
      "version": "5.1.1",
      "license": "MIT",
      "dependencies": {
        "client-only": "0.0.1"
      },
      "engines": {
        "node": ">= 12.0.0"
      },
      "peerDependencies": {
        "react": ">= 16.8.0 || 17.x.x || ^18.0.0-0"
      },
      "peerDependenciesMeta": {
        "@babel/core": {
          "optional": true
        },
        "babel-plugin-macros": {
          "optional": true
        }
      }
    },
    "node_modules/tslib": {
      "version": "2.8.1",
      "license": "0BSD"
    },
    "node_modules/typescript": {
      "version": "5.6.3",
      "dev": true,
      "license": "Apache-2.0",
      "bin": {
        "tsc": "bin/tsc",
        "tsserver": "bin/tsserver"
      },
      "engines": {
        "node": ">=14.17"
      }
    },
    "node_modules/undici-types": {
      "version": "7.16.0",
      "resolved": "https://registry.npmjs.org/undici-types/-/undici-types-7.16.0.tgz",
      "integrity": "sha512-Zz+aZWSj8LE6zoxD+xrjh4VfkIG8Ya6LvYkZqtUQGJPZjYl53ypCaUwWqo7eI0x66KBGeRo+mlBEkMSeSZ38Nw==",
      "dev": true,
      "license": "MIT"
    },
    "node_modules/url": {
      "version": "0.11.4",
      "license": "MIT",
      "dependencies": {
        "punycode": "^1.4.1",
        "qs": "^6.12.3"
      },
      "engines": {
        "node": ">= 0.4"
      }
    }
  }
}
